
Microsoft Visual Studio Solution File, Format Version 12.00
# Visual Studio Version 17
VisualStudioVersion = 17.8.34309.116
MinimumVisualStudioVersion = 10.0.40219.1
Project("{FAE04EC0-301F-11D3-BF4B-00C04F79EFBC}") = "RoslynPlantUml", "RoslynPlantUml\RoslynPlantUml.csproj", "{E9E36E7E-E5C2-4AE2-ADB5-7BC5A474911C}"
EndProject
Global
	GlobalSection(SolutionConfigurationPlatforms) = preSolution
		Debug|Any CPU = Debug|Any CPU
		Release|Any CPU = Release|Any CPU
	EndGlobalSection
	GlobalSection(ProjectConfigurationPlatforms) = postSolution
		{E9E36E7E-E5C2-4AE2-ADB5-7BC5A474911C}.Debug|Any CPU.ActiveCfg = Debug|Any CPU
		{E9E36E7E-E5C2-4AE2-ADB5-7BC5A474911C}.Debug|Any CPU.Build.0 = Debug|Any CPU
		{E9E36E7E-E5C2-4AE2-ADB5-7BC5A474911C}.Release|Any CPU.ActiveCfg = Release|Any CPU
		{E9E36E7E-E5C2-4AE2-ADB5-7BC5A474911C}.Release|Any CPU.Build.0 = Release|Any CPU
	EndGlobalSection
	GlobalSection(SolutionProperties) = preSolution
		HideSolutionNode = FALSE
	EndGlobalSection
	GlobalSection(ExtensibilityGlobals) = postSolution
		SolutionGuid = {F256F338-77E2-45E8-B1CB-CA1D3BC461FA}
	EndGlobalSection
EndGlobal
